
Microsoft Visual Studio Solution File, Format Version 12.00
# Visual Studio Version 16
VisualStudioVersion = 16.0.31624.102
MinimumVisualStudioVersion = 10.0.40219.1
Project("{FAE04EC0-301F-11D3-BF4B-00C04F79EFBC}") = "RoomIvanovZaycev", "RoomIvanovZaycev.csproj", "{03227828-D7C6-4917-A049-DBB977DDCC04}"
EndProject
Global
	GlobalSection(SolutionConfigurationPlatforms) = preSolution
		Debug|Any CPU = Debug|Any CPU
		Release|Any CPU = Release|Any CPU
	EndGlobalSection
	GlobalSection(ProjectConfigurationPlatforms) = postSolution
		{03227828-D7C6-4917-A049-DBB977DDCC04}.Debug|Any CPU.ActiveCfg = Debug|Any CPU
		{03227828-D7C6-4917-A049-DBB977DDCC04}.Debug|Any CPU.Build.0 = Debug|Any CPU
		{03227828-D7C6-4917-A049-DBB977DDCC04}.Release|Any CPU.ActiveCfg = Release|Any CPU
		{03227828-D7C6-4917-A049-DBB977DDCC04}.Release|Any CPU.Build.0 = Release|Any CPU
	EndGlobalSection
	GlobalSection(SolutionProperties) = preSolution
		HideSolutionNode = FALSE
	EndGlobalSection
	GlobalSection(ExtensibilityGlobals) = postSolution
		SolutionGuid = {AB2D5D2B-9314-498E-98ED-E2B19097A9DB}
	EndGlobalSection
EndGlobal
